// !$*UTF8*$!
{
	archiveVersion = 1;
	classes = {
	};
	objectVersion = 50;
	objects = {

/* Begin PBXBuildFile section */
		E563FC9622B30AD900F49657 /* AppDelegate.swift in Sources */ = {isa = PBXBuildFile; fileRef = E563FC9522B30AD900F49657 /* AppDelegate.swift */; };
		E563FC9822B30AD900F49657 /* ViewController.swift in Sources */ = {isa = PBXBuildFile; fileRef = E563FC9722B30AD900F49657 /* ViewController.swift */; };
		E563FC9B22B30AD900F49657 /* Main.storyboard in Resources */ = {isa = PBXBuildFile; fileRef = E563FC9922B30AD900F49657 /* Main.storyboard */; };
		E563FC9D22B30ADA00F49657 /* Assets.xcassets in Resources */ = {isa = PBXBuildFile; fileRef = E563FC9C22B30ADA00F49657 /* Assets.xcassets */; };
		E563FCA022B30ADA00F49657 /* LaunchScreen.storyboard in Resources */ = {isa = PBXBuildFile; fileRef = E563FC9E22B30ADA00F49657 /* LaunchScreen.storyboard */; };
/* End PBXBuildFile section */

/* Begin PBXFileReference section */
		E563FC9222B30AD900F49657 /* SoyPobre.app */ = {isa = PBXFileReference; explicitFileType = wrapper.application; includeInIndex = 0; path = SoyPobre.app; sourceTree = BUILT_PRODUCTS_DIR; };
		E563FC9522B30AD900F49657 /* AppDelegate.swift */ = {isa = PBXFileReference; lastKnownFileType = sourcecode.swift; path = AppDelegate.swift; sourceTree = "<group>"; };
		E563FC9722B30AD900F49657 /* ViewController.swift */ = {isa = PBXFileReference; lastKnownFileType = sourcecode.swift; path = ViewController.swift; sourceTree = "<group>"; };
		E563FC9A22B30AD900F49657 /* Base */ = {isa = PBXFileReference; lastKnownFileType = file.storyboard; name = Base; path = Base.lproj/Main.storyboard; sourceTree = "<group>"; };
		E563FC9C22B30ADA00F49657 /* Assets.xcassets */ = {isa = PBXFileReference; lastKnownFileType = folder.assetcatalog; path = Assets.xcassets; sourceTree = "<group>"; };
		E563FC9F22B30ADA00F49657 /* Base */ = {isa = PBXFileReference; lastKnownFileType = file.storyboard; name = Base; path = Base.lproj/LaunchScreen.storyboard; sourceTree = "<group>"; };
		E563FCA122B30ADA00F49657 /* Info.plist */ = {isa = PBXFileReference; lastKnownFileType = text.plist.xml; path = Info.plist; sourceTree = "<group>"; };
/* End PBXFileReference section */

/* Begin PBXFrameworksBuildPhase section */
		E563FC8F22B30AD900F49657 /* Frameworks */ = {
			isa = PBXFrameworksBuildPhase;
			buildActionMask = 2147483647;
			files = (
			);
			runOnlyForDeploymentPostprocessing = 0;
		};
/* End PBXFrameworksBuildPhase section */

/* Begin PBXGroup section */
		E563FC8922B30AD900F49657 = {
			isa = PBXGroup;
			children = (
				E563FC9422B30AD900F49657 /* SoyPobre */,
				E563FC9322B30AD900F49657 /* Products */,
			);
			sourceTree = "<group>";
		};
		E563FC9322B30AD900F49657 /* Products */ = {
			isa = PBXGroup;
			children = (
				E563FC9222B30AD900F49657 /* SoyPobre.app */,
			);
			name = Products;
			sourceTree = "<group>";
		};
		E563FC9422B30AD900F49657 /* SoyPobre */ = {
			isa = PBXGroup;
			children = (
				E563FC9522B30AD900F49657 /* AppDelegate.swift */,
				E563FCA722B30ADF00F49657 /* Controller */,
				E563FCA822B30AF300F49657 /* Storyboard */,
				E563FC9C22B30ADA00F49657 /* Assets.xcassets */,
				E563FCA122B30ADA00F49657 /* Info.plist */,
			);
			path = SoyPobre;
			sourceTree = "<group>";
		};
		E563FCA722B30ADF00F49657 /* Controller */ = {
			isa = PBXGroup;
			children = (
				E563FC9722B30AD900F49657 /* ViewController.swift */,
			);
			path = Controller;
			sourceTree = "<group>";
		};
		E563FCA822B30AF300F49657 /* Storyboard */ = {
			isa = PBXGroup;
			children = (
				E563FC9922B30AD900F49657 /* Main.storyboard */,
				E563FC9E22B30ADA00F49657 /* LaunchScreen.storyboard */,
			);
			path = Storyboard;
			sourceTree = "<group>";
		};
/* End PBXGroup section */

/* Begin PBXNativeTarget section */
		E563FC9122B30AD900F49657 /* SoyPobre */ = {
			isa = PBXNativeTarget;
			buildConfigurationList = E563FCA422B30ADA00F49657 /* Build configuration list for PBXNativeTarget "SoyPobre" */;
			buildPhases = (
				E563FC8E22B30AD900F49657 /* Sources */,
				E563FC8F22B30AD900F49657 /* Frameworks */,
				E563FC9022B30AD900F49657 /* Resources */,
			);
			buildRules = (
			);
			dependencies = (
			);
			name = SoyPobre;
			productName = SoyPobre;
			productReference = E563FC9222B30AD900F49657 /* SoyPobre.app */;
			productType = "com.apple.product-type.application";
		};
/* End PBXNativeTarget section */

/* Begin PBXProject section */
		E563FC8A22B30AD900F49657 /* Project object */ = {
			isa = PBXProject;
			attributes = {
				LastSwiftUpdateCheck = 1020;
				LastUpgradeCheck = 1020;
				ORGANIZATIONNAME = "Dante Vega";
				TargetAttributes = {
					E563FC9122B30AD900F49657 = {
						CreatedOnToolsVersion = 10.2.1;
					};
				};
			};
			buildConfigurationList = E563FC8D22B30AD900F49657 /* Build configuration list for PBXProject "SoyPobre" */;
			compatibilityVersion = "Xcode 9.3";
			developmentRegion = en;
			hasScannedForEncodings = 0;
			knownRegions = (
				en,
				Base,
			);
			mainGroup = E563FC8922B30AD900F49657;
			productRefGroup = E563FC9322B30AD900F49657 /* Products */;
			projectDirPath = "";
			projectRoot = "";
			targets = (
				E563FC9122B30AD900F49657 /* SoyPobre */,
			);
		};
/* End PBXProject section */

/* Begin PBXResourcesBuildPhase section */
		E563FC9022B30AD900F49657 /* Resources */ = {
			isa = PBXResourcesBuildPhase;
			buildActionMask = 2147483647;
			files = (
				E563FCA022B30ADA00F49657 /* LaunchScreen.storyboard in Resources */,
				E563FC9D22B30ADA00F49657 /* Assets.xcassets in Resources */,
				E563FC9B22B30AD900F49657 /* Main.storyboard in Resources */,
			);
			runOnlyForDeploymentPostprocessing = 0;
		};
/* End PBXResourcesBuildPhase section */

/* Begin PBXSourcesBuildPhase section */
		E563FC8E22B30AD900F49657 /* Sources */ = {
			isa = PBXSourcesBuildPhase;
			buildActionMask = 2147483647;
			files = (
				E563FC9822B30AD900F49657 /* ViewController.swift in Sources */,
				E563FC9622B30AD900F49657 /* AppDelegate.swift in Sources */,
			);
			runOnlyForDeploymentPostprocessing = 0;
		};
/* End PBXSourcesBuildPhase section */

/* Begin PBXVariantGroup section */
		E563FC9922B30AD900F49657 /* Main.storyboard */ = {
			isa = PBXVariantGroup;
			children = (
				E563FC9A22B30AD900F49657 /* Base */,
			);
			name = Main.storyboard;
			sourceTree = "<group>";
		};
		E563FC9E22B30ADA00F49657 /* LaunchScreen.storyboard */ = {
			isa = PBXVariantGroup;
			children = (
				E563FC9F22B30ADA00F49657 /* Base */,
			);
			name = LaunchScreen.storyboard;
			sourceTree = "<group>";
		};
/* End PBXVariantGroup section */

/* Begin XCBuildConfiguration section */
		E563FCA222B30ADA00F49657 /* Debug */ = {
			isa = XCBuildConfiguration;
			buildSettings = {
				ALWAYS_SEARCH_USER_PATHS = NO;
				CLANG_ANALYZER_NONNULL = YES;
				CLANG_ANALYZER_NUMBER_OBJECT_CONVERSION = YES_AGGRESSIVE;
				CLANG_CXX_LANGUAGE_STANDARD = "gnu++14";
				CLANG_CXX_LIBRARY = "libc++";
				CLANG_ENABLE_MODULES = YES;
				CLANG_ENABLE_OBJC_ARC = YES;
				CLANG_ENABLE_OBJC_WEAK = YES;
				CLANG_WARN_BLOCK_CAPTURE_AUTORELEASING = YES;
				CLANG_WARN_BOOL_CONVERSION = YES;
				CLANG_WARN_COMMA = YES;
				CLANG_WARN_CONSTANT_CONVERSION = YES;
				CLANG_WARN_DEPRECATED_OBJC_IMPLEMENTATIONS = YES;
				CLANG_WARN_DIRECT_OBJC_ISA_USAGE = YES_ERROR;
				CLANG_WARN_DOCUMENTATION_COMMENTS = YES;
				CLANG_WARN_EMPTY_BODY = YES;
				CLANG_WARN_ENUM_CONVERSION = YES;
				CLANG_WARN_INFINITE_RECURSION = YES;
				CLANG_WARN_INT_CONVERSION = YES;
				CLANG_WARN_NON_LITERAL_NULL_CONVERSION = YES;
				CLANG_WARN_OBJC_IMPLICIT_RETAIN_SELF = YES;
				CLANG_WARN_OBJC_LITERAL_CONVERSION = YES;
				CLANG_WARN_OBJC_ROOT_CLASS = YES_ERROR;
				CLANG_WARN_RANGE_LOOP_ANALYSIS = YES;
				CLANG_WARN_STRICT_PROTOTYPES = YES;
				CLANG_WARN_SUSPICIOUS_MOVE = YES;
				CLANG_WARN_UNGUARDED_AVAILABILITY = YES_AGGRESSIVE;
				CLANG_WARN_UNREACHABLE_CODE = YES;
				CLANG_WARN__DUPLICATE_METHOD_MATCH = YES;
				CODE_SIGN_IDENTITY = "iPhone Developer";
				COPY_PHASE_STRIP = NO;
				DEBUG_INFORMATION_FORMAT = dwarf;
				ENABLE_STRICT_OBJC_MSGSEND = YES;
				ENABLE_TESTABILITY = YES;
				GCC_C_LANGUAGE_STANDARD = gnu11;
				GCC_DYNAMIC_NO_PIC = NO;
				GCC_NO_COMMON_BLOCKS = YES;
				GCC_OPTIMIZATION_LEVEL = 0;
				GCC_PREPROCESSOR_DEFINITIONS = (
					"DEBUG=1",
					"$(inherited)",
				);
				GCC_WARN_64_TO_32_BIT_CONVERSION = YES;
				GCC_WARN_ABOUT_RETURN_TYPE = YES_ERROR;
				GCC_WARN_UNDECLARED_SELECTOR = YES;
				GCC_WARN_UNINITIALIZED_AUTOS = YES_AGGRESSIVE;
				GCC_WARN_UNUSED_FUNCTION = YES;
				GCC_WARN_UNUSED_VARIABLE = YES;
				IPHONEOS_DEPLOYMENT_TARGET = 12.2;
				MTL_ENABLE_DEBUG_INFO = INCLUDE_SOURCE;
				MTL_FAST_MATH = YES;
				ONLY_ACTIVE_ARCH = YES;
				SDKROOT = iphoneos;
				SWIFT_ACTIVE_COMPILATION_CONDITIONS = DEBUG;
				SWIFT_OPTIMIZATION_LEVEL = "-Onone";
			};
			name = Debug;
		};
		E563FCA322B30ADA00F49657 /* Release */ = {
			isa = XCBuildConfiguration;
			buildSettings = {
				ALWAYS_SEARCH_USER_PATHS = NO;
				CLANG_ANALYZER_NONNULL = YES;
				CLANG_ANALYZER_NUMBER_OBJECT_CONVERSION = YES_AGGRESSIVE;
				CLANG_CXX_LANGUAGE_STANDARD = "gnu++14";
				CLANG_CXX_LIBRARY = "libc++";
				CLANG_ENABLE_MODULES = YES;
				CLANG_ENABLE_OBJC_ARC = YES;
				CLANG_ENABLE_OBJC_WEAK = YES;
				CLANG_WARN_BLOCK_CAPTURE_AUTORELEASING = YES;
				CLANG_WARN_BOOL_CONVERSION = YES;
				CLANG_WARN_COMMA = YES;
				CLANG_WARN_CONSTANT_CONVERSION = YES;
				CLANG_WARN_DEPRECATED_OBJC_IMPLEMENTATIONS = YES;
				CLANG_WARN_DIRECT_OBJC_ISA_USAGE = YES_ERROR;
				CLANG_WARN_DOCUMENTATION_COMMENTS = YES;
				CLANG_WARN_EMPTY_BODY = YES;
				CLANG_WARN_ENUM_CONVERSION = YES;
				CLANG_WARN_INFINITE_RECURSION = YES;
				CLANG_WARN_INT_CONVERSION = YES;
				CLANG_WARN_NON_LITERAL_NULL_CONVERSION = YES;
				CLANG_WARN_OBJC_IMPLICIT_RETAIN_SELF = YES;
				CLANG_WARN_OBJC_LITERAL_CONVERSION = YES;
				CLANG_WARN_OBJC_ROOT_CLASS = YES_ERROR;
				CLANG_WARN_RANGE_LOOP_ANALYSIS = YES;
				CLANG_WARN_STRICT_PROTOTYPES = YES;
				CLANG_WARN_SUSPICIOUS_MOVE = YES;
				CLANG_WARN_UNGUARDED_AVAILABILITY = YES_AGGRESSIVE;
				CLANG_WARN_UNREACHABLE_CODE = YES;
				CLANG_WARN__DUPLICATE_METHOD_MATCH = YES;
				CODE_SIGN_IDENTITY = "iPhone Developer";
				COPY_PHASE_STRIP = NO;
				DEBUG_INFORMATION_FORMAT = "dwarf-with-dsym";
				ENABLE_NS_ASSERTIONS = NO;
				ENABLE_STRICT_OBJC_MSGSEND = YES;
				GCC_C_LANGUAGE_STANDARD = gnu11;
				GCC_NO_COMMON_BLOCKS = YES;
				GCC_WARN_64_TO_32_BIT_CONVERSION = YES;
				GCC_WARN_ABOUT_RETURN_TYPE = YES_ERROR;
				GCC_WARN_UNDECLARED_SELECTOR = YES;
				GCC_WARN_UNINITIALIZED_AUTOS = YES_AGGRESSIVE;
				GCC_WARN_UNUSED_FUNCTION = YES;
				GCC_WARN_UNUSED_VARIABLE = YES;
				IPHONEOS_DEPLOYMENT_TARGET = 12.2;
				MTL_ENABLE_DEBUG_INFO = NO;
				MTL_FAST_MATH = YES;
				SDKROOT = iphoneos;
				SWIFT_COMPILATION_MODE = wholemodule;
				SWIFT_OPTIMIZATION_LEVEL = "-O";
				VALIDATE_PRODUCT = YES;
			};
			name = Release;
		};
		E563FCA522B30ADA00F49657 /* Debug */ = {
			isa = XCBuildConfiguration;
			buildSettings = {
				ASSETCATALOG_COMPILER_APPICON_NAME = AppIcon;
				CODE_SIGN_STYLE = Automatic;
				DEVELOPMENT_TEAM = L497VDAJB7;
				INFOPLIST_FILE = SoyPobre/Info.plist;
				LD_RUNPATH_SEARCH_PATHS = (
					"$(inherited)",
					"@executable_path/Frameworks",
				);
				PRODUCT_BUNDLE_IDENTIFIER = com.dantevega.SoyPobre;
				PRODUCT_NAME = "$(TARGET_NAME)";
				SWIFT_VERSION = 5.0;
				TARGETED_DEVICE_FAMILY = "1,2";
			};
			name = Debug;
		};
		E563FCA622B30ADA00F49657 /* Release */ = {
			isa = XCBuildConfiguration;
			buildSettings = {
				ASSETCATALOG_COMPILER_APPICON_NAME = AppIcon;
				CODE_SIGN_STYLE = Automatic;
				DEVELOPMENT_TEAM = L497VDAJB7;
				INFOPLIST_FILE = SoyPobre/Info.plist;
				LD_RUNPATH_SEARCH_PATHS = (
					"$(inherited)",
					"@executable_path/Frameworks",
				);
				PRODUCT_BUNDLE_IDENTIFIER = com.dantevega.SoyPobre;
				PRODUCT_NAME = "$(TARGET_NAME)";
				SWIFT_VERSION = 5.0;
				TARGETED_DEVICE_FAMILY = "1,2";
			};
			name = Release;
		};
/* End XCBuildConfiguration section */

/* Begin XCConfigurationList section */
		E563FC8D22B30AD900F49657 /* Build configuration list for PBXProject "SoyPobre" */ = {
			isa = XCConfigurationList;
			buildConfigurations = (
				E563FCA222B30ADA00F49657 /* Debug */,
				E563FCA322B30ADA00F49657 /* Release */,
			);
			defaultConfigurationIsVisible = 0;
			defaultConfigurationName = Release;
		};
		E563FCA422B30ADA00F49657 /* Build configuration list for PBXNativeTarget "SoyPobre" */ = {
			isa = XCConfigurationList;
			buildConfigurations = (
				E563FCA522B30ADA00F49657 /* Debug */,
				E563FCA622B30ADA00F49657 /* Release */,
			);
			defaultConfigurationIsVisible = 0;
			defaultConfigurationName = Release;
		};
/* End XCConfigurationList section */
	};
	rootObject = E563FC8A22B30AD900F49657 /* Project object */;
}
